
Microsoft Visual Studio Solution File, Format Version 12.00
# Visual Studio Version 17
VisualStudioVersion = 17.14.36202.13 d17.14
MinimumVisualStudioVersion = 10.0.40219.1
Project("{8BC9CEB8-8B4A-11D0-8D11-00A0C91BC942}") = "labik10", "labik10\labik10.vcxproj", "{0CA31EF1-8078-45BB-A56E-D1CB7CF5D788}"
EndProject
Global
	GlobalSection(SolutionConfigurationPlatforms) = preSolution
		Debug|x64 = Debug|x64
		Debug|x86 = Debug|x86
		Release|x64 = Release|x64
		Release|x86 = Release|x86
	EndGlobalSection
	GlobalSection(ProjectConfigurationPlatforms) = postSolution
		{0CA31EF1-8078-45BB-A56E-D1CB7CF5D788}.Debug|x64.ActiveCfg = Debug|x64
		{0CA31EF1-8078-45BB-A56E-D1CB7CF5D788}.Debug|x64.Build.0 = Debug|x64
		{0CA31EF1-8078-45BB-A56E-D1CB7CF5D788}.Debug|x86.ActiveCfg = Debug|Win32
		{0CA31EF1-8078-45BB-A56E-D1CB7CF5D788}.Debug|x86.Build.0 = Debug|Win32
		{0CA31EF1-8078-45BB-A56E-D1CB7CF5D788}.Release|x64.ActiveCfg = Release|x64
		{0CA31EF1-8078-45BB-A56E-D1CB7CF5D788}.Release|x64.Build.0 = Release|x64
		{0CA31EF1-8078-45BB-A56E-D1CB7CF5D788}.Release|x86.ActiveCfg = Release|Win32
		{0CA31EF1-8078-45BB-A56E-D1CB7CF5D788}.Release|x86.Build.0 = Release|Win32
	EndGlobalSection
	GlobalSection(SolutionProperties) = preSolution
		HideSolutionNode = FALSE
	EndGlobalSection
	GlobalSection(ExtensibilityGlobals) = postSolution
		SolutionGuid = {C0B4157A-7452-4123-A5EB-A480136D385A}
	EndGlobalSection
EndGlobal
